{
  "name": "lc-analytics",
  "version": "1.0.0",
  "lockfileVersion": 1,
  "requires": true,
  "dependencies": {
    "@yomguithereal/helpers": {
      "version": "1.1.1",
      "resolved": "https://registry.npmjs.org/@yomguithereal/helpers/-/helpers-1.1.1.tgz",
      "integrity": "sha512-UYvAq/XCA7xoh1juWDYsq3W0WywOB+pz8cgVnE1b45ZfdMhBvHDrgmSFG3jXeZSr2tMTYLGHFHON+ekG05Jebg=="
    },
    "events": {
      "version": "3.2.0",
      "resolved": "https://registry.npmjs.org/events/-/events-3.2.0.tgz",
      "integrity": "sha512-/46HWwbfCX2xTawVfkKLGxMifJYQBWMwY1mjywRtb4c9x8l5NP3KoJtnIOiL1hfdRkIuYhETxQlo62IF8tcnlg=="
    },
    "graphology": {
      "version": "0.18.0",
      "resolved": "https://registry.npmjs.org/graphology/-/graphology-0.18.0.tgz",
      "integrity": "sha512-yYYId5AWDuSRfxzACHAnORpACrnRg2ZnGUy4blILYuKRSgtnnChRFJbYNLMifkKq4J6EzhZqEMxaDRA0k9UK2A==",
      "requires": {
        "events": "^3.1.0",
        "graphology-types": "^0.18.0",
        "obliterator": "^1.6.1"
      }
    },
    "graphology-indices": {
      "version": "0.8.0",
      "resolved": "https://registry.npmjs.org/graphology-indices/-/graphology-indices-0.8.0.tgz",
      "integrity": "sha512-uyoRm/zN30nddan6BuMvybeb2DS+TZN1gAF7qmAPFKLtW8EDtgwHByQt+24xlTWuibnDiPVP/UPpCMrSAWFbDQ==",
      "requires": {
        "graphology-types": "^0.16.0",
        "graphology-utils": "^1.7.0",
        "mnemonist": "^0.35.0"
      },
      "dependencies": {
        "graphology-types": {
          "version": "0.16.0",
          "resolved": "https://registry.npmjs.org/graphology-types/-/graphology-types-0.16.0.tgz",
          "integrity": "sha512-iBGyPuMHlmHdXaB0cu/vllkPJ3myf063ZICY90zDxYQrJYZ3Dm4h2+dLM3Kof+CVJzM4HGg96ZFZ8HS6C7LgCQ=="
        },
        "mnemonist": {
          "version": "0.35.0",
          "resolved": "https://registry.npmjs.org/mnemonist/-/mnemonist-0.35.0.tgz",
          "integrity": "sha512-dewrFCpMv4jfEIxZLZufkxieuib2Q7bkZviiDyQnsDzNkkk7e1YV93tdY8sgwe+XuFQ5e+CJ+kR8qQ3jbzF9KQ==",
          "requires": {
            "obliterator": "^1.6.1"
          }
        }
      }
    },
    "graphology-metrics": {
      "version": "1.13.0",
      "resolved": "https://registry.npmjs.org/graphology-metrics/-/graphology-metrics-1.13.0.tgz",
      "integrity": "sha512-Vf890KvO89niJ7Nk6Nkr/geNFfDIXcdC7LFkrGUla7VIFHAko6LqbMWbAu98FizGZtIcXAV7jJ4+VG4VxHkxoQ==",
      "requires": {
        "graphology-shortest-path": "^1.3.1",
        "graphology-types": "^0.16.0",
        "graphology-utils": "^1.6.1",
        "lodash": "^4.17.11",
        "mnemonist": "^0.34.0"
      },
      "dependencies": {
        "graphology-types": {
          "version": "0.16.0",
          "resolved": "https://registry.npmjs.org/graphology-types/-/graphology-types-0.16.0.tgz",
          "integrity": "sha512-iBGyPuMHlmHdXaB0cu/vllkPJ3myf063ZICY90zDxYQrJYZ3Dm4h2+dLM3Kof+CVJzM4HGg96ZFZ8HS6C7LgCQ=="
        }
      }
    },
    "graphology-shortest-path": {
      "version": "1.3.4",
      "resolved": "https://registry.npmjs.org/graphology-shortest-path/-/graphology-shortest-path-1.3.4.tgz",
      "integrity": "sha512-o7pW+DxodGkppkA3MRtO5O0JHyE6Pr2e5WwL9Wm39zz50vWKnoqwt06IsL3V6dhHy1fl2YwdwPkZeShTNyaDyw==",
      "requires": {
        "@yomguithereal/helpers": "^1.0.1",
        "graphology-indices": "^0.8.0",
        "graphology-types": "^0.16.0",
        "graphology-utils": "^1.7.0",
        "mnemonist": "^0.38.0"
      },
      "dependencies": {
        "graphology-types": {
          "version": "0.16.0",
          "resolved": "https://registry.npmjs.org/graphology-types/-/graphology-types-0.16.0.tgz",
          "integrity": "sha512-iBGyPuMHlmHdXaB0cu/vllkPJ3myf063ZICY90zDxYQrJYZ3Dm4h2+dLM3Kof+CVJzM4HGg96ZFZ8HS6C7LgCQ=="
        },
        "mnemonist": {
          "version": "0.38.0",
          "resolved": "https://registry.npmjs.org/mnemonist/-/mnemonist-0.38.0.tgz",
          "integrity": "sha512-OrqILDYOEGVFooAbGid3/P9jdjWuZONlGHVyjfZnvg65+ZQ/QM5dOms+yADY/WURd1NFhCqjf/VJGFlnJToLJQ==",
          "requires": {
            "obliterator": "^1.6.1"
          }
        }
      }
    },
    "graphology-types": {
      "version": "0.18.0",
      "resolved": "https://registry.npmjs.org/graphology-types/-/graphology-types-0.18.0.tgz",
      "integrity": "sha512-OXd5BSWQ9Q2ePA8dvh02vI9y87r++rPRR2gntL8KKbME60g2C0frOFBFVTL0WHyJs3sNpHeZHOzIvpvpzZNPUg=="
    },
    "graphology-utils": {
      "version": "1.7.0",
      "resolved": "https://registry.npmjs.org/graphology-utils/-/graphology-utils-1.7.0.tgz",
      "integrity": "sha512-g94E5O1FTws4E81AVKnCmxinDN1KRO7Zpysqd/j7Xjy2Qjs7DOnB3XHZUaS/Yk6D74LorBp7NJY5685IEkAh6g==",
      "requires": {
        "graphology-types": "^0.15.1"
      },
      "dependencies": {
        "graphology-types": {
          "version": "0.15.5",
          "resolved": "https://registry.npmjs.org/graphology-types/-/graphology-types-0.15.5.tgz",
          "integrity": "sha512-2NONgcQ0KmzMoiLAOkk4AkyhrQsA4dfJKyGOMYUfz2sNBAR/VK3oPcalCg3ID7zDd4XSqE3rMtEt+G3KcUaLew=="
        }
      }
    },
    "lodash": {
      "version": "4.17.20",
      "resolved": "https://registry.npmjs.org/lodash/-/lodash-4.17.20.tgz",
      "integrity": "sha512-PlhdFcillOINfeV7Ni6oF1TAEayyZBoZ8bcshTHqOYJYlrqzRK5hagpagky5o4HfCzzd1TRkXPMFq6cKk9rGmA=="
    },
    "mnemonist": {
      "version": "0.34.0",
      "resolved": "https://registry.npmjs.org/mnemonist/-/mnemonist-0.34.0.tgz",
      "integrity": "sha512-eKQxmumFOJhd7ea/u8zVvj7gA2tD6QFkuDfUIvoT/VIq+yR1VzXpp0tM8QFgeSRig5brIN/3NUE72/wvvyc9ug==",
      "requires": {
        "obliterator": "^1.6.1"
      }
    },
    "obliterator": {
      "version": "1.6.1",
      "resolved": "https://registry.npmjs.org/obliterator/-/obliterator-1.6.1.tgz",
      "integrity": "sha512-9WXswnqINnnhOG/5SLimUlzuU1hFJUc8zkwyD59Sd+dPOMf05PmnYG/d6Q7HZ+KmgkZJa1PxRso6QdM3sTNHig=="
    }
  }
}
